
Microsoft Visual Studio Solution File, Format Version 12.00
# Visual Studio Version 16
VisualStudioVersion = 16.0.29613.14
MinimumVisualStudioVersion = 10.0.40219.1
Project("{8BC9CEB8-8B4A-11D0-8D11-00A0C91BC942}") = "Lab1", "Lab1\Lab1.vcxproj", "{3D2C2CB2-63FE-4059-84B8-56E96CFDDA4E}"
EndProject
Project("{8BC9CEB8-8B4A-11D0-8D11-00A0C91BC942}") = "Lab2", "Lab2\Lab2.vcxproj", "{6D8BCE36-34DE-49D4-B841-186CD6B06E09}"
EndProject
Project("{8BC9CEB8-8B4A-11D0-8D11-00A0C91BC942}") = "Lab3", "Lab3\Lab3.vcxproj", "{2FCD997F-7F97-4269-A5C4-2703CB543314}"
EndProject
Project("{8BC9CEB8-8B4A-11D0-8D11-00A0C91BC942}") = "Lab4", "Lab4\Lab4.vcxproj", "{F285F506-AC20-4D12-A0F2-A51A16051DF1}"
EndProject
Project("{8BC9CEB8-8B4A-11D0-8D11-00A0C91BC942}") = "Lab5", "Lab5\Lab5.vcxproj", "{C62E6212-4A84-4463-A1A6-E26485A8B0AB}"
EndProject
Project("{8BC9CEB8-8B4A-11D0-8D11-00A0C91BC942}") = "Lab6", "Lab6\Lab6.vcxproj", "{4862F77E-FE34-47BE-91D8-7991B2845BA3}"
EndProject
Project("{8BC9CEB8-8B4A-11D0-8D11-00A0C91BC942}") = "Lab7", "Lab7\Lab7.vcxproj", "{DAA9142D-858A-4A73-A1A3-D059A68D257B}"
EndProject
Project("{8BC9CEB8-8B4A-11D0-8D11-00A0C91BC942}") = "Lab8", "Lab8\Lab8.vcxproj", "{E746A57D-150D-4500-8640-72CE00AA353D}"
EndProject
Project("{8BC9CEB8-8B4A-11D0-8D11-00A0C91BC942}") = "Lab9", "Lab9\Lab9.vcxproj", "{0087E7C1-961F-4759-A7DA-A4707779DF3D}"
EndProject
Project("{8BC9CEB8-8B4A-11D0-8D11-00A0C91BC942}") = "Lab10", "Lab10\Lab10.vcxproj", "{44C77B5A-ADD0-4489-8111-43A6BD9578A1}"
EndProject
Global
	GlobalSection(SolutionConfigurationPlatforms) = preSolution
		Debug|x64 = Debug|x64
		Debug|x86 = Debug|x86
		Release|x64 = Release|x64
		Release|x86 = Release|x86
	EndGlobalSection
	GlobalSection(ProjectConfigurationPlatforms) = postSolution
		{3D2C2CB2-63FE-4059-84B8-56E96CFDDA4E}.Debug|x64.ActiveCfg = Debug|x64
		{3D2C2CB2-63FE-4059-84B8-56E96CFDDA4E}.Debug|x64.Build.0 = Debug|x64
		{3D2C2CB2-63FE-4059-84B8-56E96CFDDA4E}.Debug|x86.ActiveCfg = Debug|Win32
		{3D2C2CB2-63FE-4059-84B8-56E96CFDDA4E}.Debug|x86.Build.0 = Debug|Win32
		{3D2C2CB2-63FE-4059-84B8-56E96CFDDA4E}.Release|x64.ActiveCfg = Release|x64
		{3D2C2CB2-63FE-4059-84B8-56E96CFDDA4E}.Release|x64.Build.0 = Release|x64
		{3D2C2CB2-63FE-4059-84B8-56E96CFDDA4E}.Release|x86.ActiveCfg = Release|Win32
		{3D2C2CB2-63FE-4059-84B8-56E96CFDDA4E}.Release|x86.Build.0 = Release|Win32
		{6D8BCE36-34DE-49D4-B841-186CD6B06E09}.Debug|x64.ActiveCfg = Debug|x64
		{6D8BCE36-34DE-49D4-B841-186CD6B06E09}.Debug|x64.Build.0 = Debug|x64
		{6D8BCE36-34DE-49D4-B841-186CD6B06E09}.Debug|x86.ActiveCfg = Debug|Win32
		{6D8BCE36-34DE-49D4-B841-186CD6B06E09}.Debug|x86.Build.0 = Debug|Win32
		{6D8BCE36-34DE-49D4-B841-186CD6B06E09}.Release|x64.ActiveCfg = Release|x64
		{6D8BCE36-34DE-49D4-B841-186CD6B06E09}.Release|x64.Build.0 = Release|x64
		{6D8BCE36-34DE-49D4-B841-186CD6B06E09}.Release|x86.ActiveCfg = Release|Win32
		{6D8BCE36-34DE-49D4-B841-186CD6B06E09}.Release|x86.Build.0 = Release|Win32
		{2FCD997F-7F97-4269-A5C4-2703CB543314}.Debug|x64.ActiveCfg = Debug|x64
		{2FCD997F-7F97-4269-A5C4-2703CB543314}.Debug|x64.Build.0 = Debug|x64
		{2FCD997F-7F97-4269-A5C4-2703CB543314}.Debug|x86.ActiveCfg = Debug|Win32
		{2FCD997F-7F97-4269-A5C4-2703CB543314}.Debug|x86.Build.0 = Debug|Win32
		{2FCD997F-7F97-4269-A5C4-2703CB543314}.Release|x64.ActiveCfg = Release|x64
		{2FCD997F-7F97-4269-A5C4-2703CB543314}.Release|x64.Build.0 = Release|x64
		{2FCD997F-7F97-4269-A5C4-2703CB543314}.Release|x86.ActiveCfg = Release|Win32
		{2FCD997F-7F97-4269-A5C4-2703CB543314}.Release|x86.Build.0 = Release|Win32
		{F285F506-AC20-4D12-A0F2-A51A16051DF1}.Debug|x64.ActiveCfg = Debug|x64
		{F285F506-AC20-4D12-A0F2-A51A16051DF1}.Debug|x64.Build.0 = Debug|x64
		{F285F506-AC20-4D12-A0F2-A51A16051DF1}.Debug|x86.ActiveCfg = Debug|Win32
		{F285F506-AC20-4D12-A0F2-A51A16051DF1}.Debug|x86.Build.0 = Debug|Win32
		{F285F506-AC20-4D12-A0F2-A51A16051DF1}.Release|x64.ActiveCfg = Release|x64
		{F285F506-AC20-4D12-A0F2-A51A16051DF1}.Release|x64.Build.0 = Release|x64
		{F285F506-AC20-4D12-A0F2-A51A16051DF1}.Release|x86.ActiveCfg = Release|Win32
		{F285F506-AC20-4D12-A0F2-A51A16051DF1}.Release|x86.Build.0 = Release|Win32
		{C62E6212-4A84-4463-A1A6-E26485A8B0AB}.Debug|x64.ActiveCfg = Debug|x64
		{C62E6212-4A84-4463-A1A6-E26485A8B0AB}.Debug|x64.Build.0 = Debug|x64
		{C62E6212-4A84-4463-A1A6-E26485A8B0AB}.Debug|x86.ActiveCfg = Debug|Win32
		{C62E6212-4A84-4463-A1A6-E26485A8B0AB}.Debug|x86.Build.0 = Debug|Win32
		{C62E6212-4A84-4463-A1A6-E26485A8B0AB}.Release|x64.ActiveCfg = Release|x64
		{C62E6212-4A84-4463-A1A6-E26485A8B0AB}.Release|x64.Build.0 = Release|x64
		{C62E6212-4A84-4463-A1A6-E26485A8B0AB}.Release|x86.ActiveCfg = Release|Win32
		{C62E6212-4A84-4463-A1A6-E26485A8B0AB}.Release|x86.Build.0 = Release|Win32
		{4862F77E-FE34-47BE-91D8-7991B2845BA3}.Debug|x64.ActiveCfg = Debug|x64
		{4862F77E-FE34-47BE-91D8-7991B2845BA3}.Debug|x64.Build.0 = Debug|x64
		{4862F77E-FE34-47BE-91D8-7991B2845BA3}.Debug|x86.ActiveCfg = Debug|Win32
		{4862F77E-FE34-47BE-91D8-7991B2845BA3}.Debug|x86.Build.0 = Debug|Win32
		{4862F77E-FE34-47BE-91D8-7991B2845BA3}.Release|x64.ActiveCfg = Release|x64
		{4862F77E-FE34-47BE-91D8-7991B2845BA3}.Release|x64.Build.0 = Release|x64
		{4862F77E-FE34-47BE-91D8-7991B2845BA3}.Release|x86.ActiveCfg = Release|Win32
		{4862F77E-FE34-47BE-91D8-7991B2845BA3}.Release|x86.Build.0 = Release|Win32
		{DAA9142D-858A-4A73-A1A3-D059A68D257B}.Debug|x64.ActiveCfg = Debug|x64
		{DAA9142D-858A-4A73-A1A3-D059A68D257B}.Debug|x64.Build.0 = Debug|x64
		{DAA9142D-858A-4A73-A1A3-D059A68D257B}.Debug|x86.ActiveCfg = Debug|Win32
		{DAA9142D-858A-4A73-A1A3-D059A68D257B}.Debug|x86.Build.0 = Debug|Win32
		{DAA9142D-858A-4A73-A1A3-D059A68D257B}.Release|x64.ActiveCfg = Release|x64
		{DAA9142D-858A-4A73-A1A3-D059A68D257B}.Release|x64.Build.0 = Release|x64
		{DAA9142D-858A-4A73-A1A3-D059A68D257B}.Release|x86.ActiveCfg = Release|Win32
		{DAA9142D-858A-4A73-A1A3-D059A68D257B}.Release|x86.Build.0 = Release|Win32
		{E746A57D-150D-4500-8640-72CE00AA353D}.Debug|x64.ActiveCfg = Debug|x64
		{E746A57D-150D-4500-8640-72CE00AA353D}.Debug|x64.Build.0 = Debug|x64
		{E746A57D-150D-4500-8640-72CE00AA353D}.Debug|x86.ActiveCfg = Debug|Win32
		{E746A57D-150D-4500-8640-72CE00AA353D}.Debug|x86.Build.0 = Debug|Win32
		{E746A57D-150D-4500-8640-72CE00AA353D}.Release|x64.ActiveCfg = Release|x64
		{E746A57D-150D-4500-8640-72CE00AA353D}.Release|x64.Build.0 = Release|x64
		{E746A57D-150D-4500-8640-72CE00AA353D}.Release|x86.ActiveCfg = Release|Win32
		{E746A57D-150D-4500-8640-72CE00AA353D}.Release|x86.Build.0 = Release|Win32
		{0087E7C1-961F-4759-A7DA-A4707779DF3D}.Debug|x64.ActiveCfg = Debug|x64
		{0087E7C1-961F-4759-A7DA-A4707779DF3D}.Debug|x64.Build.0 = Debug|x64
		{0087E7C1-961F-4759-A7DA-A4707779DF3D}.Debug|x86.ActiveCfg = Debug|Win32
		{0087E7C1-961F-4759-A7DA-A4707779DF3D}.Debug|x86.Build.0 = Debug|Win32
		{0087E7C1-961F-4759-A7DA-A4707779DF3D}.Release|x64.ActiveCfg = Release|x64
		{0087E7C1-961F-4759-A7DA-A4707779DF3D}.Release|x64.Build.0 = Release|x64
		{0087E7C1-961F-4759-A7DA-A4707779DF3D}.Release|x86.ActiveCfg = Release|Win32
		{0087E7C1-961F-4759-A7DA-A4707779DF3D}.Release|x86.Build.0 = Release|Win32
		{44C77B5A-ADD0-4489-8111-43A6BD9578A1}.Debug|x64.ActiveCfg = Debug|x64
		{44C77B5A-ADD0-4489-8111-43A6BD9578A1}.Debug|x64.Build.0 = Debug|x64
		{44C77B5A-ADD0-4489-8111-43A6BD9578A1}.Debug|x86.ActiveCfg = Debug|Win32
		{44C77B5A-ADD0-4489-8111-43A6BD9578A1}.Debug|x86.Build.0 = Debug|Win32
		{44C77B5A-ADD0-4489-8111-43A6BD9578A1}.Release|x64.ActiveCfg = Release|x64
		{44C77B5A-ADD0-4489-8111-43A6BD9578A1}.Release|x64.Build.0 = Release|x64
		{44C77B5A-ADD0-4489-8111-43A6BD9578A1}.Release|x86.ActiveCfg = Release|Win32
		{44C77B5A-ADD0-4489-8111-43A6BD9578A1}.Release|x86.Build.0 = Release|Win32
	EndGlobalSection
	GlobalSection(SolutionProperties) = preSolution
		HideSolutionNode = FALSE
	EndGlobalSection
	GlobalSection(ExtensibilityGlobals) = postSolution
		SolutionGuid = {BA1022ED-3323-4636-A76C-646791B5355B}
	EndGlobalSection
EndGlobal
